
Microsoft Visual Studio Solution File, Format Version 12.00
# Visual Studio Version 16
VisualStudioVersion = 16.0.29926.136
MinimumVisualStudioVersion = 10.0.40219.1
Project("{FAE04EC0-301F-11D3-BF4B-00C04F79EFBC}") = "Aula_1", "Aula_1\Aula_1.csproj", "{B8B5AE41-D2EF-4337-9FA1-5834365CBEC6}"
EndProject
Global
	GlobalSection(SolutionConfigurationPlatforms) = preSolution
		Debug|Any CPU = Debug|Any CPU
		Release|Any CPU = Release|Any CPU
	EndGlobalSection
	GlobalSection(ProjectConfigurationPlatforms) = postSolution
		{B8B5AE41-D2EF-4337-9FA1-5834365CBEC6}.Debug|Any CPU.ActiveCfg = Debug|Any CPU
		{B8B5AE41-D2EF-4337-9FA1-5834365CBEC6}.Debug|Any CPU.Build.0 = Debug|Any CPU
		{B8B5AE41-D2EF-4337-9FA1-5834365CBEC6}.Release|Any CPU.ActiveCfg = Release|Any CPU
		{B8B5AE41-D2EF-4337-9FA1-5834365CBEC6}.Release|Any CPU.Build.0 = Release|Any CPU
	EndGlobalSection
	GlobalSection(SolutionProperties) = preSolution
		HideSolutionNode = FALSE
	EndGlobalSection
	GlobalSection(ExtensibilityGlobals) = postSolution
		SolutionGuid = {ABDCDB4E-0E28-4430-865E-E2756B795AC0}
	EndGlobalSection
EndGlobal
